#MicroXplorer Configuration settings - do not modify
File.Version=5
KeepUserPlacement=false
Mcu.Family=STM32F1
Mcu.IP0=NVIC
Mcu.IP1=RCC
Mcu.IP2=SYS
Mcu.IPNb=3
Mcu.Name=STM32F103V(C-D-E)Tx
Mcu.Package=LQFP100
Mcu.Pin0=PC14-OSC32_IN
Mcu.Pin1=PC15-OSC32_OUT
Mcu.Pin10=PE13
Mcu.Pin11=PE14
Mcu.Pin12=PE15
Mcu.Pin13=PB11
Mcu.Pin14=PD8
Mcu.Pin15=PD9
Mcu.Pin16=PD10
Mcu.Pin17=PD11
Mcu.Pin18=PD14
Mcu.Pin19=PD15
Mcu.Pin2=OSC_IN
Mcu.Pin20=PA13
Mcu.Pin21=PA14
Mcu.Pin22=PD0
Mcu.Pin23=PD1
Mcu.Pin24=PD4
Mcu.Pin25=PD5
Mcu.Pin26=PD7
Mcu.Pin27=PE1
Mcu.Pin3=OSC_OUT
Mcu.Pin4=PE7
Mcu.Pin5=PE8
Mcu.Pin6=PE9
Mcu.Pin7=PE10
Mcu.Pin8=PE11
Mcu.Pin9=PE12
Mcu.PinsNb=28
Mcu.UserConstants=
Mcu.UserName=STM32F103VETx
MxCube.Version=4.10.0
MxDb.Version=DB.4.0.100
NVIC.PriorityGroup=NVIC_PRIORITYGROUP_4
NVIC.SysTick_IRQn=true\:0\:0\:false
OSC_IN.Mode=HSE-External-Oscillator
OSC_IN.Signal=RCC_OSC_IN
OSC_OUT.Mode=HSE-External-Oscillator
OSC_OUT.Signal=RCC_OSC_OUT
PA13.Mode=Serial_Wire
PA13.Signal=SYS_JTMS-SWDIO
PA14.Mode=Serial_Wire
PA14.Signal=SYS_JTCK-SWCLK
PB11.GPIOParameters=GPIO_Speed,GPIO_Label,GPIO_ModeDefaultOutputPP
PB11.GPIO_Label=LCD_GPIO
PB11.GPIO_ModeDefaultOutputPP=GPIO_MODE_OUTPUT_PP
PB11.GPIO_Speed=GPIO_SPEED_HIGH
PB11.Locked=true
PB11.Signal=GPIO_Output
PC14-OSC32_IN.Mode=LSE-External-Oscillator
PC14-OSC32_IN.Signal=RCC_OSC32_IN
PC15-OSC32_OUT.Mode=LSE-External-Oscillator
PC15-OSC32_OUT.Signal=RCC_OSC32_OUT
PCC.Checker=false
PCC.Line=STM32F103
PCC.MCU=STM32F103V(C-D-E)Tx
PCC.MXVersion=4.10.0
PCC.PartNumber=STM32F103VETx
PCC.Seq0=0
PCC.Series=STM32F1
PCC.Temperature=25
PCC.Vdd=3.3
PD0.GPIOParameters=GPIO_Speed,GPIO_Label,GPIO_ModeDefaultOutputPP
PD0.GPIO_Label=LCD_GPIO
PD0.GPIO_ModeDefaultOutputPP=GPIO_MODE_OUTPUT_PP
PD0.GPIO_Speed=GPIO_SPEED_HIGH
PD0.Locked=true
PD0.Signal=GPIO_Output
PD1.GPIOParameters=GPIO_Speed,GPIO_Label,GPIO_ModeDefaultOutputPP
PD1.GPIO_Label=LCD_GPIO
PD1.GPIO_ModeDefaultOutputPP=GPIO_MODE_OUTPUT_PP
PD1.GPIO_Speed=GPIO_SPEED_HIGH
PD1.Locked=true
PD1.Signal=GPIO_Output
PD10.GPIOParameters=GPIO_Speed,GPIO_Label,GPIO_ModeDefaultOutputPP
PD10.GPIO_Label=LCD_GPIO
PD10.GPIO_ModeDefaultOutputPP=GPIO_MODE_OUTPUT_PP
PD10.GPIO_Speed=GPIO_SPEED_HIGH
PD10.Locked=true
PD10.Signal=GPIO_Output
PD11.GPIOParameters=GPIO_Speed,GPIO_Label,GPIO_ModeDefaultOutputPP
PD11.GPIO_Label=LCD_GPIO
PD11.GPIO_ModeDefaultOutputPP=GPIO_MODE_OUTPUT_PP
PD11.GPIO_Speed=GPIO_SPEED_HIGH
PD11.Locked=true
PD11.Signal=GPIO_Output
PD14.GPIOParameters=GPIO_Speed,GPIO_Label,GPIO_ModeDefaultOutputPP
PD14.GPIO_Label=LCD_GPIO
PD14.GPIO_ModeDefaultOutputPP=GPIO_MODE_OUTPUT_PP
PD14.GPIO_Speed=GPIO_SPEED_HIGH
PD14.Locked=true
PD14.Signal=GPIO_Output
PD15.GPIOParameters=GPIO_Speed,GPIO_Label,GPIO_ModeDefaultOutputPP
PD15.GPIO_Label=LCD_GPIO
PD15.GPIO_ModeDefaultOutputPP=GPIO_MODE_OUTPUT_PP
PD15.GPIO_Speed=GPIO_SPEED_HIGH
PD15.Locked=true
PD15.Signal=GPIO_Output
PD4.GPIOParameters=GPIO_Speed,GPIO_Label,GPIO_ModeDefaultOutputPP
PD4.GPIO_Label=LCD_GPIO
PD4.GPIO_ModeDefaultOutputPP=GPIO_MODE_OUTPUT_PP
PD4.GPIO_Speed=GPIO_SPEED_HIGH
PD4.Locked=true
PD4.Signal=GPIO_Output
PD5.GPIOParameters=GPIO_Speed,GPIO_Label,GPIO_ModeDefaultOutputPP
PD5.GPIO_Label=LCD_GPIO
PD5.GPIO_ModeDefaultOutputPP=GPIO_MODE_OUTPUT_PP
PD5.GPIO_Speed=GPIO_SPEED_HIGH
PD5.Locked=true
PD5.Signal=GPIO_Output
PD7.GPIOParameters=GPIO_Speed,GPIO_Label,GPIO_ModeDefaultOutputPP
PD7.GPIO_Label=LCD_GPIO
PD7.GPIO_ModeDefaultOutputPP=GPIO_MODE_OUTPUT_PP
PD7.GPIO_Speed=GPIO_SPEED_HIGH
PD7.Locked=true
PD7.Signal=GPIO_Output
PD8.GPIOParameters=GPIO_Speed,GPIO_Label,GPIO_ModeDefaultOutputPP
PD8.GPIO_Label=LCD_GPIO
PD8.GPIO_ModeDefaultOutputPP=GPIO_MODE_OUTPUT_PP
PD8.GPIO_Speed=GPIO_SPEED_HIGH
PD8.Locked=true
PD8.Signal=GPIO_Output
PD9.GPIOParameters=GPIO_Speed,GPIO_Label,GPIO_ModeDefaultOutputPP
PD9.GPIO_Label=LCD_GPIO
PD9.GPIO_ModeDefaultOutputPP=GPIO_MODE_OUTPUT_PP
PD9.GPIO_Speed=GPIO_SPEED_HIGH
PD9.Locked=true
PD9.Signal=GPIO_Output
PE1.GPIOParameters=GPIO_Speed,GPIO_Label,GPIO_ModeDefaultOutputPP
PE1.GPIO_Label=LCD_GPIO
PE1.GPIO_ModeDefaultOutputPP=GPIO_MODE_OUTPUT_PP
PE1.GPIO_Speed=GPIO_SPEED_HIGH
PE1.Locked=true
PE1.Signal=GPIO_Output
PE10.GPIOParameters=GPIO_Speed,GPIO_Label,GPIO_ModeDefaultOutputPP
PE10.GPIO_Label=LCD_GPIO
PE10.GPIO_ModeDefaultOutputPP=GPIO_MODE_OUTPUT_PP
PE10.GPIO_Speed=GPIO_SPEED_HIGH
PE10.Locked=true
PE10.Signal=GPIO_Output
PE11.GPIOParameters=GPIO_Speed,GPIO_Label,GPIO_ModeDefaultOutputPP
PE11.GPIO_Label=LCD_GPIO
PE11.GPIO_ModeDefaultOutputPP=GPIO_MODE_OUTPUT_PP
PE11.GPIO_Speed=GPIO_SPEED_HIGH
PE11.Locked=true
PE11.Signal=GPIO_Output
PE12.GPIOParameters=GPIO_Speed,GPIO_Label,GPIO_ModeDefaultOutputPP
PE12.GPIO_Label=LCD_GPIO
PE12.GPIO_ModeDefaultOutputPP=GPIO_MODE_OUTPUT_PP
PE12.GPIO_Speed=GPIO_SPEED_HIGH
PE12.Locked=true
PE12.Signal=GPIO_Output
PE13.GPIOParameters=GPIO_Speed,GPIO_Label,GPIO_ModeDefaultOutputPP
PE13.GPIO_Label=LCD_GPIO
PE13.GPIO_ModeDefaultOutputPP=GPIO_MODE_OUTPUT_PP
PE13.GPIO_Speed=GPIO_SPEED_HIGH
PE13.Locked=true
PE13.Signal=GPIO_Output
PE14.GPIOParameters=GPIO_Speed,GPIO_Label,GPIO_ModeDefaultOutputPP
PE14.GPIO_Label=LCD_GPIO
PE14.GPIO_ModeDefaultOutputPP=GPIO_MODE_OUTPUT_PP
PE14.GPIO_Speed=GPIO_SPEED_HIGH
PE14.Locked=true
PE14.Signal=GPIO_Output
PE15.GPIOParameters=GPIO_Speed,GPIO_Label,GPIO_ModeDefaultOutputPP
PE15.GPIO_Label=LCD_GPIO
PE15.GPIO_ModeDefaultOutputPP=GPIO_MODE_OUTPUT_PP
PE15.GPIO_Speed=GPIO_SPEED_HIGH
PE15.Locked=true
PE15.Signal=GPIO_Output
PE7.GPIOParameters=GPIO_Speed,GPIO_Label,GPIO_ModeDefaultOutputPP
PE7.GPIO_Label=LCD_GPIO
PE7.GPIO_ModeDefaultOutputPP=GPIO_MODE_OUTPUT_PP
PE7.GPIO_Speed=GPIO_SPEED_HIGH
PE7.Locked=true
PE7.Signal=GPIO_Output
PE8.GPIOParameters=GPIO_Speed,GPIO_Label,GPIO_ModeDefaultOutputPP
PE8.GPIO_Label=LCD_GPIO
PE8.GPIO_ModeDefaultOutputPP=GPIO_MODE_OUTPUT_PP
PE8.GPIO_Speed=GPIO_SPEED_HIGH
PE8.Locked=true
PE8.Signal=GPIO_Output
PE9.GPIOParameters=GPIO_Speed,GPIO_Label,GPIO_ModeDefaultOutputPP
PE9.GPIO_Label=LCD_GPIO
PE9.GPIO_ModeDefaultOutputPP=GPIO_MODE_OUTPUT_PP
PE9.GPIO_Speed=GPIO_SPEED_HIGH
PE9.Locked=true
PE9.Signal=GPIO_Output
ProjectManager.AskForMigrate=true
ProjectManager.BackupPrevious=false
ProjectManager.CompilerOptimize=2
ProjectManager.ComputerToolchain=false
ProjectManager.CoupleFile=false
ProjectManager.DeletePrevious=true
ProjectManager.DeviceId=STM32F103VETx
ProjectManager.FirmwarePackage=STM32Cube FW_F1 V1.2.0
ProjectManager.FreePins=false
ProjectManager.HalAssertFull=false
ProjectManager.KeepUserCode=true
ProjectManager.LastFirmware=true
ProjectManager.LibraryCopy=0
ProjectManager.ProjectBuild=false
ProjectManager.ProjectFileName=gpio_ssd1289.ioc
ProjectManager.ProjectName=gpio_ssd1289
ProjectManager.TargetToolchain=SW4STM32
ProjectManager.ToolChainLocation=
RCC.ADCFreqValue=36000000
RCC.AHBFreq_Value=72000000
RCC.APB1CLKDivider=RCC_HCLK_DIV2
RCC.APB1Freq_Value=36000000
RCC.APB1TimFreq_Value=72000000
RCC.APB2Freq_Value=72000000
RCC.APB2TimFreq_Value=72000000
RCC.FCLKCortexFreq_Value=72000000
RCC.FSMCFreq_Value=72000000
RCC.FamilyName=M
RCC.HCLKFreq_Value=72000000
RCC.HSIState=RCC_HSI_ON
RCC.I2S2Freq_Value=72000000
RCC.I2S3Freq_Value=72000000
RCC.IPParameters=FamilyName,PLLCLKFreq_Value,PLLMCOFreq_Value,TimSysFreq_Value,APB1Freq_Value,APB2Freq_Value,USBFreq_Value,VCOOutput2Freq_Value,PLLSourceVirtual,PLLMUL,HCLKFreq_Value,I2S2Freq_Value,I2S3Freq_Value,SDIOHCLKDiv2FreqValue,AHBFreq_Value,FSMCFreq_Value,SDIOFreq_Value,FCLKCortexFreq_Value,APB1TimFreq_Value,APB2TimFreq_Value,ADCFreqValue,MCOFreq_Value,SYSCLKFreq_VALUE,USBPrescaler,SYSCLKSource,APB1CLKDivider,HSIState
RCC.MCOFreq_Value=72000000
RCC.PLLCLKFreq_Value=72000000
RCC.PLLMCOFreq_Value=36000000
RCC.PLLMUL=RCC_PLL_MUL9
RCC.PLLSourceVirtual=RCC_PLLSOURCE_HSE
RCC.SDIOFreq_Value=72000000
RCC.SDIOHCLKDiv2FreqValue=36000000
RCC.SYSCLKFreq_VALUE=72000000
RCC.SYSCLKSource=RCC_SYSCLKSOURCE_PLLCLK
RCC.TimSysFreq_Value=72000000
RCC.USBFreq_Value=48000000
RCC.USBPrescaler=RCC_USBPLLCLK_DIV1_5
RCC.VCOOutput2Freq_Value=8000000
board=MB-STM32F103VET6
boardIOC=true
